{
  "name": "grosso-modo",
  "version": "3.0.1",
  "lockfileVersion": 1,
  "requires": true,
  "dependencies": {
    "@types/node": {
      "version": "13.9.1",
      "resolved": "https://registry.npmjs.org/@types/node/-/node-13.9.1.tgz",
      "integrity": "sha512-E6M6N0blf/jiZx8Q3nb0vNaswQeEyn0XlupO+xN6DtJ6r6IT4nXrTry7zhIfYvFCl3/8Cu6WIysmUBKiqV0bqQ==",
      "dev": true
    },
    "assert-op": {
      "version": "0.4.0",
      "resolved": "https://registry.npmjs.org/assert-op/-/assert-op-0.4.0.tgz",
      "integrity": "sha512-yAnWwB07VWyXxlVSRIwM+CjWXmvRp03jH96zx8u29trLNNklrlyDhaWLpZ64/U1iCFF7SE4jsFBTwnLtok6Slw==",
      "dev": true
    },
    "cotest": {
      "version": "4.0.3",
      "resolved": "https://registry.npmjs.org/cotest/-/cotest-4.0.3.tgz",
      "integrity": "sha512-pBtMKXPcdPaLOSt0zwL704ewSIo1gsW4jkboj4PosTq7cl3iUt5Cb8sbYLWJ+bcbAL0r8SyGslQ16nWQ5xkSiw==",
      "dev": true,
      "requires": {
        "assert-op": "^0.4.0"
      }
    },
    "lazy-stats": {
      "version": "3.0.0",
      "resolved": "https://registry.npmjs.org/lazy-stats/-/lazy-stats-3.0.0.tgz",
      "integrity": "sha512-3fWHcOum1BiXt0YmYUQFnbrIIfFpWppVQiwnH1DQx8Tyd9RhoTcEQ9ltMOH1T6X0Pjm8nhnDzphnHYI7W044bA==",
      "dev": true
    },
    "norm-dist": {
      "version": "2.0.2",
      "resolved": "https://registry.npmjs.org/norm-dist/-/norm-dist-2.0.2.tgz",
      "integrity": "sha512-5MKDFbgclvpodGwiZaADVKH9IGb7cpgIDDJX6ucY3Z76S8Zk+u9ur888VBJfGVfwFsuSEn6Lta6WZRRZuxoI5w=="
    },
    "walk-z": {
      "version": "3.0.1",
      "resolved": "https://registry.npmjs.org/walk-z/-/walk-z-3.0.1.tgz",
      "integrity": "sha512-qXDZjhcKAllkdtpxOE3hTRMtysqLYnh0V13mmO7vFXFeliMs6mCrsP9KmwalLaEiMzVnkl7krDGRSEZNacGWZA==",
      "requires": {
        "norm-dist": "^2.0.1"
      }
    }
  }
}
