{
  "name": "grosso-modo",
  "version": "3.0.0",
  "lockfileVersion": 1,
  "requires": true,
  "dependencies": {
    "@types/node": {
      "version": "8.0.55",
      "resolved": "https://registry.npmjs.org/@types/node/-/node-8.0.55.tgz",
      "integrity": "sha512-K8w0FWNsIRcw615d/Et90wMRvLfg8XH1T77fC0xObbusE3+eXwnitdoF9j0CS9zBt8A57J/TKgRVe7RX9ZlT1g==",
      "dev": true
    },
    "assert-op": {
      "version": "0.1.0",
      "resolved": "https://registry.npmjs.org/assert-op/-/assert-op-0.1.0.tgz",
      "integrity": "sha512-DMs/IC/+BJhMZptglQgcDjMhOza7ChewjanOpDsLqBakAsrZchBzDl1myWZnOFl38Rv8KvW+ex9Kb+Fr7BdtDA==",
      "dev": true
    },
    "cotest": {
      "version": "3.0.0",
      "resolved": "https://registry.npmjs.org/cotest/-/cotest-3.0.0.tgz",
      "integrity": "sha512-MsxdK1FRMH/q2q7EB7gOO+U4NTU5s4/Fg28qYgk8vreXXlO9pislIGO8QnQrtnTkRw4NdH899KlrZDEt2ywg7g==",
      "dev": true,
      "requires": {
        "assert-op": "^0.1.0"
      }
    },
    "lazy-stats": {
      "version": "2.0.1",
      "resolved": "https://registry.npmjs.org/lazy-stats/-/lazy-stats-2.0.1.tgz",
      "integrity": "sha512-OiwcnWbRqd9thS4BGk07G/oLrE5KdudgivRpVdCr2qtnzEvYC8KeTZqblHluTsi6Ep2EEzTj74dIZe5fFyyPpw==",
      "dev": true
    },
    "norm-dist": {
      "version": "2.0.1",
      "resolved": "https://registry.npmjs.org/norm-dist/-/norm-dist-2.0.1.tgz",
      "integrity": "sha512-7EQCgU3E8kvbb97QsFlj7fWLnPtHB10xCisJ+SbUrKGZUWCUugTi1q8YOC8U/ln1xiLbNiEwHPKYkT6A+Ja/jw=="
    },
    "walk-z": {
      "version": "3.0.1",
      "resolved": "https://registry.npmjs.org/walk-z/-/walk-z-3.0.1.tgz",
      "integrity": "sha512-qXDZjhcKAllkdtpxOE3hTRMtysqLYnh0V13mmO7vFXFeliMs6mCrsP9KmwalLaEiMzVnkl7krDGRSEZNacGWZA==",
      "requires": {
        "norm-dist": "^2.0.1"
      }
    }
  }
}
